// !$*UTF8*$!
{
	archiveVersion = 1;
	classes = {
	};
	objectVersion = 46;
	objects = {

/* Begin PBXBuildFile section */
		61D16A2E1DC04EB500716398 /* RestaurantDetailViewController.swift in Sources */ = {isa = PBXBuildFile; fileRef = 61D16A2D1DC04EB400716398 /* RestaurantDetailViewController.swift */; };
		DB8187E31DBCCBA700932FA1 /* AppDelegate.swift in Sources */ = {isa = PBXBuildFile; fileRef = DB8187E21DBCCBA700932FA1 /* AppDelegate.swift */; };
		DB8187E81DBCCBA700932FA1 /* Main.storyboard in Resources */ = {isa = PBXBuildFile; fileRef = DB8187E61DBCCBA700932FA1 /* Main.storyboard */; };
		DB8187EA1DBCCBA700932FA1 /* Assets.xcassets in Resources */ = {isa = PBXBuildFile; fileRef = DB8187E91DBCCBA700932FA1 /* Assets.xcassets */; };
		DB8187ED1DBCCBA700932FA1 /* LaunchScreen.storyboard in Resources */ = {isa = PBXBuildFile; fileRef = DB8187EB1DBCCBA700932FA1 /* LaunchScreen.storyboard */; };
		DB8187F51DBCCC1700932FA1 /* RestaurantTableViewController.swift in Sources */ = {isa = PBXBuildFile; fileRef = DB8187F41DBCCC1700932FA1 /* RestaurantTableViewController.swift */; };
		DB8187F71DBCD7FB00932FA1 /* RestaurantTableViewCell.swift in Sources */ = {isa = PBXBuildFile; fileRef = DB8187F61DBCD7FB00932FA1 /* RestaurantTableViewCell.swift */; };
		DBE0AA011DC0B04A008D36C7 /* Restaurant.swift in Sources */ = {isa = PBXBuildFile; fileRef = DBE0AA001DC0B04A008D36C7 /* Restaurant.swift */; };
		DBE0AA031DC0BE56008D36C7 /* RestaurantDetailTablewViewCell.swift in Sources */ = {isa = PBXBuildFile; fileRef = DBE0AA021DC0BE56008D36C7 /* RestaurantDetailTablewViewCell.swift */; };
/* End PBXBuildFile section */

/* Begin PBXFileReference section */
		61D16A2D1DC04EB400716398 /* RestaurantDetailViewController.swift */ = {isa = PBXFileReference; fileEncoding = 4; lastKnownFileType = sourcecode.swift; path = RestaurantDetailViewController.swift; sourceTree = "<group>"; };
		DB8187DF1DBCCBA600932FA1 /* FoodPin.app */ = {isa = PBXFileReference; explicitFileType = wrapper.application; includeInIndex = 0; path = FoodPin.app; sourceTree = BUILT_PRODUCTS_DIR; };
		DB8187E21DBCCBA700932FA1 /* AppDelegate.swift */ = {isa = PBXFileReference; lastKnownFileType = sourcecode.swift; path = AppDelegate.swift; sourceTree = "<group>"; };
		DB8187E71DBCCBA700932FA1 /* Base */ = {isa = PBXFileReference; lastKnownFileType = file.storyboard; name = Base; path = Base.lproj/Main.storyboard; sourceTree = "<group>"; };
		DB8187E91DBCCBA700932FA1 /* Assets.xcassets */ = {isa = PBXFileReference; lastKnownFileType = folder.assetcatalog; path = Assets.xcassets; sourceTree = "<group>"; };
		DB8187EC1DBCCBA700932FA1 /* Base */ = {isa = PBXFileReference; lastKnownFileType = file.storyboard; name = Base; path = Base.lproj/LaunchScreen.storyboard; sourceTree = "<group>"; };
		DB8187EE1DBCCBA700932FA1 /* Info.plist */ = {isa = PBXFileReference; lastKnownFileType = text.plist.xml; path = Info.plist; sourceTree = "<group>"; };
		DB8187F41DBCCC1700932FA1 /* RestaurantTableViewController.swift */ = {isa = PBXFileReference; fileEncoding = 4; lastKnownFileType = sourcecode.swift; path = RestaurantTableViewController.swift; sourceTree = "<group>"; };
		DB8187F61DBCD7FB00932FA1 /* RestaurantTableViewCell.swift */ = {isa = PBXFileReference; fileEncoding = 4; lastKnownFileType = sourcecode.swift; path = RestaurantTableViewCell.swift; sourceTree = "<group>"; };
		DBE0AA001DC0B04A008D36C7 /* Restaurant.swift */ = {isa = PBXFileReference; fileEncoding = 4; lastKnownFileType = sourcecode.swift; path = Restaurant.swift; sourceTree = "<group>"; };
		DBE0AA021DC0BE56008D36C7 /* RestaurantDetailTablewViewCell.swift */ = {isa = PBXFileReference; fileEncoding = 4; lastKnownFileType = sourcecode.swift; path = RestaurantDetailTablewViewCell.swift; sourceTree = "<group>"; };
/* End PBXFileReference section */

/* Begin PBXFrameworksBuildPhase section */
		DB8187DC1DBCCBA600932FA1 /* Frameworks */ = {
			isa = PBXFrameworksBuildPhase;
			buildActionMask = 2147483647;
			files = (
			);
			runOnlyForDeploymentPostprocessing = 0;
		};
/* End PBXFrameworksBuildPhase section */

/* Begin PBXGroup section */
		DB8187D61DBCCBA600932FA1 = {
			isa = PBXGroup;
			children = (
				DB8187E11DBCCBA600932FA1 /* FoodPin */,
			);
			sourceTree = "<group>";
		};
		DB8187E01DBCCBA600932FA1 /* Products */ = {
			isa = PBXGroup;
			children = (
				DB8187DF1DBCCBA600932FA1 /* FoodPin.app */,
			);
			name = Products;
			path = ..;
			sourceTree = "<group>";
		};
		DB8187E11DBCCBA600932FA1 /* FoodPin */ = {
			isa = PBXGroup;
			children = (
				DB8187E21DBCCBA700932FA1 /* AppDelegate.swift */,
				DB8187F41DBCCC1700932FA1 /* RestaurantTableViewController.swift */,
				DB8187F61DBCD7FB00932FA1 /* RestaurantTableViewCell.swift */,
				61D16A2D1DC04EB400716398 /* RestaurantDetailViewController.swift */,
				DBE0AA001DC0B04A008D36C7 /* Restaurant.swift */,
				DBE0AA021DC0BE56008D36C7 /* RestaurantDetailTablewViewCell.swift */,
				DB8187E01DBCCBA600932FA1 /* Products */,
				DB8187E61DBCCBA700932FA1 /* Main.storyboard */,
				DB8187E91DBCCBA700932FA1 /* Assets.xcassets */,
				DB8187EB1DBCCBA700932FA1 /* LaunchScreen.storyboard */,
				DB8187EE1DBCCBA700932FA1 /* Info.plist */,
			);
			path = FoodPin;
			sourceTree = "<group>";
		};
/* End PBXGroup section */

/* Begin PBXNativeTarget section */
		DB8187DE1DBCCBA600932FA1 /* FoodPin */ = {
			isa = PBXNativeTarget;
			buildConfigurationList = DB8187F11DBCCBA700932FA1 /* Build configuration list for PBXNativeTarget "FoodPin" */;
			buildPhases = (
				DB8187DB1DBCCBA600932FA1 /* Sources */,
				DB8187DC1DBCCBA600932FA1 /* Frameworks */,
				DB8187DD1DBCCBA600932FA1 /* Resources */,
			);
			buildRules = (
			);
			dependencies = (
			);
			name = FoodPin;
			productName = FoodPin;
			productReference = DB8187DF1DBCCBA600932FA1 /* FoodPin.app */;
			productType = "com.apple.product-type.application";
		};
/* End PBXNativeTarget section */

/* Begin PBXProject section */
		DB8187D71DBCCBA600932FA1 /* Project object */ = {
			isa = PBXProject;
			attributes = {
				LastSwiftUpdateCheck = 0800;
				LastUpgradeCheck = 0810;
				ORGANIZATIONNAME = roger;
				TargetAttributes = {
					DB8187DE1DBCCBA600932FA1 = {
						CreatedOnToolsVersion = 8.0;
						ProvisioningStyle = Automatic;
					};
				};
			};
			buildConfigurationList = DB8187DA1DBCCBA600932FA1 /* Build configuration list for PBXProject "FoodPin" */;
			compatibilityVersion = "Xcode 3.2";
			developmentRegion = English;
			hasScannedForEncodings = 0;
			knownRegions = (
				en,
				Base,
			);
			mainGroup = DB8187D61DBCCBA600932FA1;
			productRefGroup = DB8187E01DBCCBA600932FA1 /* Products */;
			projectDirPath = "";
			projectRoot = "";
			targets = (
				DB8187DE1DBCCBA600932FA1 /* FoodPin */,
			);
		};
/* End PBXProject section */

/* Begin PBXResourcesBuildPhase section */
		DB8187DD1DBCCBA600932FA1 /* Resources */ = {
			isa = PBXResourcesBuildPhase;
			buildActionMask = 2147483647;
			files = (
				DB8187ED1DBCCBA700932FA1 /* LaunchScreen.storyboard in Resources */,
				DB8187EA1DBCCBA700932FA1 /* Assets.xcassets in Resources */,
				DB8187E81DBCCBA700932FA1 /* Main.storyboard in Resources */,
			);
			runOnlyForDeploymentPostprocessing = 0;
		};
/* End PBXResourcesBuildPhase section */

/* Begin PBXSourcesBuildPhase section */
		DB8187DB1DBCCBA600932FA1 /* Sources */ = {
			isa = PBXSourcesBuildPhase;
			buildActionMask = 2147483647;
			files = (
				DBE0AA011DC0B04A008D36C7 /* Restaurant.swift in Sources */,
				DB8187F51DBCCC1700932FA1 /* RestaurantTableViewController.swift in Sources */,
				DB8187F71DBCD7FB00932FA1 /* RestaurantTableViewCell.swift in Sources */,
				61D16A2E1DC04EB500716398 /* RestaurantDetailViewController.swift in Sources */,
				DB8187E31DBCCBA700932FA1 /* AppDelegate.swift in Sources */,
				DBE0AA031DC0BE56008D36C7 /* RestaurantDetailTablewViewCell.swift in Sources */,
			);
			runOnlyForDeploymentPostprocessing = 0;
		};
/* End PBXSourcesBuildPhase section */

/* Begin PBXVariantGroup section */
		DB8187E61DBCCBA700932FA1 /* Main.storyboard */ = {
			isa = PBXVariantGroup;
			children = (
				DB8187E71DBCCBA700932FA1 /* Base */,
			);
			name = Main.storyboard;
			sourceTree = "<group>";
		};
		DB8187EB1DBCCBA700932FA1 /* LaunchScreen.storyboard */ = {
			isa = PBXVariantGroup;
			children = (
				DB8187EC1DBCCBA700932FA1 /* Base */,
			);
			name = LaunchScreen.storyboard;
			sourceTree = "<group>";
		};
/* End PBXVariantGroup section */

/* Begin XCBuildConfiguration section */
		DB8187EF1DBCCBA700932FA1 /* Debug */ = {
			isa = XCBuildConfiguration;
			buildSettings = {
				ALWAYS_SEARCH_USER_PATHS = NO;
				CLANG_ANALYZER_NONNULL = YES;
				CLANG_CXX_LANGUAGE_STANDARD = "gnu++0x";
				CLANG_CXX_LIBRARY = "libc++";
				CLANG_ENABLE_MODULES = YES;
				CLANG_ENABLE_OBJC_ARC = YES;
				CLANG_WARN_BOOL_CONVERSION = YES;
				CLANG_WARN_CONSTANT_CONVERSION = YES;
				CLANG_WARN_DIRECT_OBJC_ISA_USAGE = YES_ERROR;
				CLANG_WARN_DOCUMENTATION_COMMENTS = YES;
				CLANG_WARN_EMPTY_BODY = YES;
				CLANG_WARN_ENUM_CONVERSION = YES;
				CLANG_WARN_INFINITE_RECURSION = YES;
				CLANG_WARN_INT_CONVERSION = YES;
				CLANG_WARN_OBJC_ROOT_CLASS = YES_ERROR;
				CLANG_WARN_SUSPICIOUS_MOVE = YES;
				CLANG_WARN_SUSPICIOUS_MOVES = YES;
				CLANG_WARN_UNREACHABLE_CODE = YES;
				CLANG_WARN__DUPLICATE_METHOD_MATCH = YES;
				"CODE_SIGN_IDENTITY[sdk=iphoneos*]" = "iPhone Developer";
				COPY_PHASE_STRIP = NO;
				DEBUG_INFORMATION_FORMAT = dwarf;
				ENABLE_STRICT_OBJC_MSGSEND = YES;
				ENABLE_TESTABILITY = YES;
				GCC_C_LANGUAGE_STANDARD = gnu99;
				GCC_DYNAMIC_NO_PIC = NO;
				GCC_NO_COMMON_BLOCKS = YES;
				GCC_OPTIMIZATION_LEVEL = 0;
				GCC_PREPROCESSOR_DEFINITIONS = (
					"DEBUG=1",
					"$(inherited)",
				);
				GCC_WARN_64_TO_32_BIT_CONVERSION = YES;
				GCC_WARN_ABOUT_RETURN_TYPE = YES_ERROR;
				GCC_WARN_UNDECLARED_SELECTOR = YES;
				GCC_WARN_UNINITIALIZED_AUTOS = YES_AGGRESSIVE;
				GCC_WARN_UNUSED_FUNCTION = YES;
				GCC_WARN_UNUSED_VARIABLE = YES;
				IPHONEOS_DEPLOYMENT_TARGET = 10.0;
				MTL_ENABLE_DEBUG_INFO = YES;
				ONLY_ACTIVE_ARCH = YES;
				SDKROOT = iphoneos;
				SWIFT_ACTIVE_COMPILATION_CONDITIONS = DEBUG;
				SWIFT_OPTIMIZATION_LEVEL = "-Onone";
			};
			name = Debug;
		};
		DB8187F01DBCCBA700932FA1 /* Release */ = {
			isa = XCBuildConfiguration;
			buildSettings = {
				ALWAYS_SEARCH_USER_PATHS = NO;
				CLANG_ANALYZER_NONNULL = YES;
				CLANG_CXX_LANGUAGE_STANDARD = "gnu++0x";
				CLANG_CXX_LIBRARY = "libc++";
				CLANG_ENABLE_MODULES = YES;
				CLANG_ENABLE_OBJC_ARC = YES;
				CLANG_WARN_BOOL_CONVERSION = YES;
				CLANG_WARN_CONSTANT_CONVERSION = YES;
				CLANG_WARN_DIRECT_OBJC_ISA_USAGE = YES_ERROR;
				CLANG_WARN_DOCUMENTATION_COMMENTS = YES;
				CLANG_WARN_EMPTY_BODY = YES;
				CLANG_WARN_ENUM_CONVERSION = YES;
				CLANG_WARN_INFINITE_RECURSION = YES;
				CLANG_WARN_INT_CONVERSION = YES;
				CLANG_WARN_OBJC_ROOT_CLASS = YES_ERROR;
				CLANG_WARN_SUSPICIOUS_MOVE = YES;
				CLANG_WARN_SUSPICIOUS_MOVES = YES;
				CLANG_WARN_UNREACHABLE_CODE = YES;
				CLANG_WARN__DUPLICATE_METHOD_MATCH = YES;
				"CODE_SIGN_IDENTITY[sdk=iphoneos*]" = "iPhone Developer";
				COPY_PHASE_STRIP = NO;
				DEBUG_INFORMATION_FORMAT = "dwarf-with-dsym";
				ENABLE_NS_ASSERTIONS = NO;
				ENABLE_STRICT_OBJC_MSGSEND = YES;
				GCC_C_LANGUAGE_STANDARD = gnu99;
				GCC_NO_COMMON_BLOCKS = YES;
				GCC_WARN_64_TO_32_BIT_CONVERSION = YES;
				GCC_WARN_ABOUT_RETURN_TYPE = YES_ERROR;
				GCC_WARN_UNDECLARED_SELECTOR = YES;
				GCC_WARN_UNINITIALIZED_AUTOS = YES_AGGRESSIVE;
				GCC_WARN_UNUSED_FUNCTION = YES;
				GCC_WARN_UNUSED_VARIABLE = YES;
				IPHONEOS_DEPLOYMENT_TARGET = 10.0;
				MTL_ENABLE_DEBUG_INFO = NO;
				SDKROOT = iphoneos;
				SWIFT_OPTIMIZATION_LEVEL = "-Owholemodule";
				VALIDATE_PRODUCT = YES;
			};
			name = Release;
		};
		DB8187F21DBCCBA700932FA1 /* Debug */ = {
			isa = XCBuildConfiguration;
			buildSettings = {
				ASSETCATALOG_COMPILER_APPICON_NAME = AppIcon;
				INFOPLIST_FILE = FoodPin/Info.plist;
				LD_RUNPATH_SEARCH_PATHS = "$(inherited) @executable_path/Frameworks";
				PRODUCT_BUNDLE_IDENTIFIER = com.rogerhan.FoodPin;
				PRODUCT_NAME = "$(TARGET_NAME)";
				SWIFT_VERSION = 3.0;
			};
			name = Debug;
		};
		DB8187F31DBCCBA700932FA1 /* Release */ = {
			isa = XCBuildConfiguration;
			buildSettings = {
				ASSETCATALOG_COMPILER_APPICON_NAME = AppIcon;
				INFOPLIST_FILE = FoodPin/Info.plist;
				LD_RUNPATH_SEARCH_PATHS = "$(inherited) @executable_path/Frameworks";
				PRODUCT_BUNDLE_IDENTIFIER = com.rogerhan.FoodPin;
				PRODUCT_NAME = "$(TARGET_NAME)";
				SWIFT_VERSION = 3.0;
			};
			name = Release;
		};
/* End XCBuildConfiguration section */

/* Begin XCConfigurationList section */
		DB8187DA1DBCCBA600932FA1 /* Build configuration list for PBXProject "FoodPin" */ = {
			isa = XCConfigurationList;
			buildConfigurations = (
				DB8187EF1DBCCBA700932FA1 /* Debug */,
				DB8187F01DBCCBA700932FA1 /* Release */,
			);
			defaultConfigurationIsVisible = 0;
			defaultConfigurationName = Release;
		};
		DB8187F11DBCCBA700932FA1 /* Build configuration list for PBXNativeTarget "FoodPin" */ = {
			isa = XCConfigurationList;
			buildConfigurations = (
				DB8187F21DBCCBA700932FA1 /* Debug */,
				DB8187F31DBCCBA700932FA1 /* Release */,
			);
			defaultConfigurationIsVisible = 0;
			defaultConfigurationName = Release;
		};
/* End XCConfigurationList section */
	};
	rootObject = DB8187D71DBCCBA600932FA1 /* Project object */;
}
